
Microsoft Visual Studio Solution File, Format Version 12.00
# Visual Studio Version 16
VisualStudioVersion = 16.0.30011.22
MinimumVisualStudioVersion = 10.0.40219.1
Project("{9A19103F-16F7-4668-BE54-9A1E7A4F7556}") = "TypesAndVariables", "TypesAndVariables\TypesAndVariables.csproj", "{2BF608BD-B60E-4520-966E-510852EC9F63}"
EndProject
Project("{9A19103F-16F7-4668-BE54-9A1E7A4F7556}") = "Conditionals", "Conditionals\Conditionals.csproj", "{4A281FB0-BC01-4D58-8037-628EAEA32ACD}"
EndProject
Project("{9A19103F-16F7-4668-BE54-9A1E7A4F7556}") = "Methods", "Methods\Methods.csproj", "{9E25BC24-E605-4214-88F8-00D8B946E68D}"
EndProject
Project("{9A19103F-16F7-4668-BE54-9A1E7A4F7556}") = "Arrays", "Arrays\Arrays.csproj", "{D7BE25D6-FC94-45F8-9B43-36C3BA63009F}"
EndProject
Project("{9A19103F-16F7-4668-BE54-9A1E7A4F7556}") = "Loops", "Loops\Loops.csproj", "{408CD0D6-01D0-4515-9A1B-55DE8BAE9EED}"
EndProject
Project("{FAE04EC0-301F-11D3-BF4B-00C04F79EFBC}") = "Strings", "Strings\Strings.csproj", "{71B0B74F-6CC8-4198-AE9F-8E0D39A41D71}"
EndProject
Project("{FAE04EC0-301F-11D3-BF4B-00C04F79EFBC}") = "Classes", "Classes\Classes.csproj", "{D104D08E-7D94-4874-AF00-122B51D189B2}"
EndProject
Project("{FAE04EC0-301F-11D3-BF4B-00C04F79EFBC}") = "RecapDemo1", "E:\Program Files (x86)\RecapDemo1\RecapDemo1.csproj", "{8785E5CE-F393-4691-BEC3-134A85A928EE}"
EndProject
Project("{FAE04EC0-301F-11D3-BF4B-00C04F79EFBC}") = "Interfaces", "Interfaces\Interfaces.csproj", "{7B42077E-81EA-4B79-A6FD-EFFEC0324063}"
EndProject
Project("{FAE04EC0-301F-11D3-BF4B-00C04F79EFBC}") = "InterfacesDemo", "InterfacesDemo\InterfacesDemo.csproj", "{C6ABCEBA-DF3D-4F0D-A818-96F5DA8ED331}"
EndProject
Project("{FAE04EC0-301F-11D3-BF4B-00C04F79EFBC}") = "Inheritance", "Inheritance\Inheritance.csproj", "{2B29129C-8CED-4809-A490-C57D9F3AD410}"
EndProject
Global
	GlobalSection(SolutionConfigurationPlatforms) = preSolution
		Debug|Any CPU = Debug|Any CPU
		Release|Any CPU = Release|Any CPU
	EndGlobalSection
	GlobalSection(ProjectConfigurationPlatforms) = postSolution
		{2BF608BD-B60E-4520-966E-510852EC9F63}.Debug|Any CPU.ActiveCfg = Debug|Any CPU
		{2BF608BD-B60E-4520-966E-510852EC9F63}.Debug|Any CPU.Build.0 = Debug|Any CPU
		{2BF608BD-B60E-4520-966E-510852EC9F63}.Release|Any CPU.ActiveCfg = Release|Any CPU
		{2BF608BD-B60E-4520-966E-510852EC9F63}.Release|Any CPU.Build.0 = Release|Any CPU
		{4A281FB0-BC01-4D58-8037-628EAEA32ACD}.Debug|Any CPU.ActiveCfg = Debug|Any CPU
		{4A281FB0-BC01-4D58-8037-628EAEA32ACD}.Debug|Any CPU.Build.0 = Debug|Any CPU
		{4A281FB0-BC01-4D58-8037-628EAEA32ACD}.Release|Any CPU.ActiveCfg = Release|Any CPU
		{4A281FB0-BC01-4D58-8037-628EAEA32ACD}.Release|Any CPU.Build.0 = Release|Any CPU
		{9E25BC24-E605-4214-88F8-00D8B946E68D}.Debug|Any CPU.ActiveCfg = Debug|Any CPU
		{9E25BC24-E605-4214-88F8-00D8B946E68D}.Debug|Any CPU.Build.0 = Debug|Any CPU
		{9E25BC24-E605-4214-88F8-00D8B946E68D}.Release|Any CPU.ActiveCfg = Release|Any CPU
		{9E25BC24-E605-4214-88F8-00D8B946E68D}.Release|Any CPU.Build.0 = Release|Any CPU
		{D7BE25D6-FC94-45F8-9B43-36C3BA63009F}.Debug|Any CPU.ActiveCfg = Debug|Any CPU
		{D7BE25D6-FC94-45F8-9B43-36C3BA63009F}.Debug|Any CPU.Build.0 = Debug|Any CPU
		{D7BE25D6-FC94-45F8-9B43-36C3BA63009F}.Release|Any CPU.ActiveCfg = Release|Any CPU
		{D7BE25D6-FC94-45F8-9B43-36C3BA63009F}.Release|Any CPU.Build.0 = Release|Any CPU
		{408CD0D6-01D0-4515-9A1B-55DE8BAE9EED}.Debug|Any CPU.ActiveCfg = Debug|Any CPU
		{408CD0D6-01D0-4515-9A1B-55DE8BAE9EED}.Debug|Any CPU.Build.0 = Debug|Any CPU
		{408CD0D6-01D0-4515-9A1B-55DE8BAE9EED}.Release|Any CPU.ActiveCfg = Release|Any CPU
		{408CD0D6-01D0-4515-9A1B-55DE8BAE9EED}.Release|Any CPU.Build.0 = Release|Any CPU
		{71B0B74F-6CC8-4198-AE9F-8E0D39A41D71}.Debug|Any CPU.ActiveCfg = Debug|Any CPU
		{71B0B74F-6CC8-4198-AE9F-8E0D39A41D71}.Debug|Any CPU.Build.0 = Debug|Any CPU
		{71B0B74F-6CC8-4198-AE9F-8E0D39A41D71}.Release|Any CPU.ActiveCfg = Release|Any CPU
		{71B0B74F-6CC8-4198-AE9F-8E0D39A41D71}.Release|Any CPU.Build.0 = Release|Any CPU
		{D104D08E-7D94-4874-AF00-122B51D189B2}.Debug|Any CPU.ActiveCfg = Debug|Any CPU
		{D104D08E-7D94-4874-AF00-122B51D189B2}.Debug|Any CPU.Build.0 = Debug|Any CPU
		{D104D08E-7D94-4874-AF00-122B51D189B2}.Release|Any CPU.ActiveCfg = Release|Any CPU
		{D104D08E-7D94-4874-AF00-122B51D189B2}.Release|Any CPU.Build.0 = Release|Any CPU
		{8785E5CE-F393-4691-BEC3-134A85A928EE}.Debug|Any CPU.ActiveCfg = Debug|Any CPU
		{8785E5CE-F393-4691-BEC3-134A85A928EE}.Debug|Any CPU.Build.0 = Debug|Any CPU
		{8785E5CE-F393-4691-BEC3-134A85A928EE}.Release|Any CPU.ActiveCfg = Release|Any CPU
		{8785E5CE-F393-4691-BEC3-134A85A928EE}.Release|Any CPU.Build.0 = Release|Any CPU
		{7B42077E-81EA-4B79-A6FD-EFFEC0324063}.Debug|Any CPU.ActiveCfg = Debug|Any CPU
		{7B42077E-81EA-4B79-A6FD-EFFEC0324063}.Debug|Any CPU.Build.0 = Debug|Any CPU
		{7B42077E-81EA-4B79-A6FD-EFFEC0324063}.Release|Any CPU.ActiveCfg = Release|Any CPU
		{7B42077E-81EA-4B79-A6FD-EFFEC0324063}.Release|Any CPU.Build.0 = Release|Any CPU
		{C6ABCEBA-DF3D-4F0D-A818-96F5DA8ED331}.Debug|Any CPU.ActiveCfg = Debug|Any CPU
		{C6ABCEBA-DF3D-4F0D-A818-96F5DA8ED331}.Debug|Any CPU.Build.0 = Debug|Any CPU
		{C6ABCEBA-DF3D-4F0D-A818-96F5DA8ED331}.Release|Any CPU.ActiveCfg = Release|Any CPU
		{C6ABCEBA-DF3D-4F0D-A818-96F5DA8ED331}.Release|Any CPU.Build.0 = Release|Any CPU
		{2B29129C-8CED-4809-A490-C57D9F3AD410}.Debug|Any CPU.ActiveCfg = Debug|Any CPU
		{2B29129C-8CED-4809-A490-C57D9F3AD410}.Debug|Any CPU.Build.0 = Debug|Any CPU
		{2B29129C-8CED-4809-A490-C57D9F3AD410}.Release|Any CPU.ActiveCfg = Release|Any CPU
		{2B29129C-8CED-4809-A490-C57D9F3AD410}.Release|Any CPU.Build.0 = Release|Any CPU
	EndGlobalSection
	GlobalSection(SolutionProperties) = preSolution
		HideSolutionNode = FALSE
	EndGlobalSection
	GlobalSection(ExtensibilityGlobals) = postSolution
		SolutionGuid = {6D6C3201-1F26-495E-A271-724CC8FA7DA1}
	EndGlobalSection
EndGlobal
